{
  "requires": true,
  "lockfileVersion": 1,
  "dependencies": {
    "@angular/common": {
      "version": "10.0.0",
      "resolved": "https://registry.npmjs.org/@angular/common/-/common-10.0.0.tgz",
      "integrity": "sha512-zaLHMRQqjZyoIc15tLGrwg5ugcVlggqATiMlMVNo9ddqxwpZ4qHK2fdAvqQy9FfWKaPGi6NpIBSR31RGV0ircw==",
      "requires": {
        "tslib": "^2.0.0"
      }
    },
    "@angular/core": {
      "version": "10.0.0",
      "resolved": "https://registry.npmjs.org/@angular/core/-/core-10.0.0.tgz",
      "integrity": "sha512-N1m6op428ktgcsnXqqspb1xGZ9gp664Jmb4JoVajCD3JXucRfidw+vt3kPOldbWA6M4pIu5ZtZY3IZc2GrK5UQ==",
      "requires": {
        "tslib": "^2.0.0"
      }
    },
    "font-awesome": {
      "version": "4.7.0",
      "resolved": "https://registry.npmjs.org/font-awesome/-/font-awesome-4.7.0.tgz",
      "integrity": "sha1-j6jPBBGhoxr9B7BtKQK7n8gVoTM="
    },
    "primeng": {
      "version": "11.0.0-rc.1",
      "resolved": "https://registry.npmjs.org/primeng/-/primeng-11.0.0-rc.1.tgz",
      "integrity": "sha512-nxcspAiTUCo/zpqwYK4v4CanRyemUVBy8qVqkrdhlBP6wbsxtgRqMlBoTdt+vmVRJrbnUz/Kw4auS5jIZWQ71g==",
      "requires": {
        "tslib": "^2.0.0"
      }
    },
    "tslib": {
      "version": "2.0.3",
      "resolved": "https://registry.npmjs.org/tslib/-/tslib-2.0.3.tgz",
      "integrity": "sha512-uZtkfKblCEQtZKBF6EBXVZeQNl82yqtDQdv+eck8u7tdPxjLu2/lp5/uPW+um2tpuxINHWy3GhiccY7QgEaVHQ=="
    }
  }
}
